
Microsoft Visual Studio Solution File, Format Version 12.00
# Visual Studio Version 17
VisualStudioVersion = 17.14.36310.24 d17.14
MinimumVisualStudioVersion = 10.0.40219.1
Project("{FAE04EC0-301F-11D3-BF4B-00C04F79EFBC}") = "SEMANA 1 _C# PRACTICA", "SEMANA 1 _C# PRACTICA.csproj", "{9C468D24-AB36-4C29-B132-5D31ADC84A50}"
EndProject
Project("{888888A0-9F3D-457C-B088-3A5042F75D52}") = "SEMANA 1_ PYTHON", "..\SEMANA 1_ PYTHON\SEMANA 1_ PYTHON.pyproj", "{A22FE57B-4D3A-4DFD-9B42-7D5D3F600B7E}"
EndProject
Global
	GlobalSection(SolutionConfigurationPlatforms) = preSolution
		Debug|Any CPU = Debug|Any CPU
		Release|Any CPU = Release|Any CPU
	EndGlobalSection
	GlobalSection(ProjectConfigurationPlatforms) = postSolution
		{9C468D24-AB36-4C29-B132-5D31ADC84A50}.Debug|Any CPU.ActiveCfg = Debug|Any CPU
		{9C468D24-AB36-4C29-B132-5D31ADC84A50}.Debug|Any CPU.Build.0 = Debug|Any CPU
		{9C468D24-AB36-4C29-B132-5D31ADC84A50}.Release|Any CPU.ActiveCfg = Release|Any CPU
		{9C468D24-AB36-4C29-B132-5D31ADC84A50}.Release|Any CPU.Build.0 = Release|Any CPU
		{A22FE57B-4D3A-4DFD-9B42-7D5D3F600B7E}.Debug|Any CPU.ActiveCfg = Debug|Any CPU
		{A22FE57B-4D3A-4DFD-9B42-7D5D3F600B7E}.Release|Any CPU.ActiveCfg = Release|Any CPU
	EndGlobalSection
	GlobalSection(SolutionProperties) = preSolution
		HideSolutionNode = FALSE
	EndGlobalSection
	GlobalSection(ExtensibilityGlobals) = postSolution
		SolutionGuid = {C6B715C1-18E7-4DD3-9FB0-125B351577B5}
	EndGlobalSection
EndGlobal
